{
  "originHash" : "7b1b60078e5ed6cc4dcd89211aa9c82f9c502a58447cb31433e7e4909e914354",
  "pins" : [
    {
      "identity" : "alertkit",
      "kind" : "remoteSourceControl",
      "location" : "https://github.com/sparrowcode/AlertKit",
      "state" : {
        "revision" : "3b73be8db5a7e7efaf474c6ed919f5a437d843c9",
        "version" : "5.1.9"
      }
    },
    {
      "identity" : "ansi",
      "kind" : "remoteSourceControl",
      "location" : "https://github.com/TopScrech/ANSI",
      "state" : {
        "revision" : "0502e2ab28a153aba038930853358e9e60c1b73d",
        "version" : "1.0.2"
      }
    },
    {
      "identity" : "appearance",
      "kind" : "remoteSourceControl",
      "location" : "https://github.com/TopScrech/Appearance",
      "state" : {
        "revision" : "a4f7de766bbf2a9f29d8fe0cf1579f9642f312d5",
        "version" : "1.0.2"
      }
    },
    {
      "identity" : "audio-visualizer",
      "kind" : "remoteSourceControl",
      "location" : "https://github.com/TopScrech/Audio-Visualizer",
      "state" : {
        "revision" : "78cd7d15f8c07f2dd92e097978dc2ca36c50a728",
        "version" : "1.0.1"
      }
    },
    {
      "identity" : "autoupdate",
      "kind" : "remoteSourceControl",
      "location" : "https://github.com/TopScrech/AutoUpdate",
      "state" : {
        "revision" : "d7e9f2c1d8d8d0267dee5435c9f7a9a809bd99d3",
        "version" : "1.2.1"
      }
    },
    {
      "identity" : "bisquitonet",
      "kind" : "remoteSourceControl",
      "location" : "https://github.com/Bisquit-Host/BisquitoNet",
      "state" : {
        "revision" : "2b1d2fa75be7533e2596a43e7cd4a18da8f0a6f7",
        "version" : "1.2.8"
      }
    },
    {
      "identity" : "calagopus-swift",
      "kind" : "remoteSourceControl",
      "location" : "https://github.com/Bisquit-Host/Calagopus-Swift",
      "state" : {
        "branch" : "main",
        "revision" : "58edbb744f52a9af3d6afffb02bb189be43f035f"
      }
    },
    {
      "identity" : "devicekit",
      "kind" : "remoteSourceControl",
      "location" : "https://github.com/devicekit/DeviceKit",
      "state" : {
        "revision" : "56b997e8a61707218f9af09f32b2a1d1806fd792",
        "version" : "5.8.0"
      }
    },
    {
      "identity" : "hcaptcha-ios-sdk",
      "kind" : "remoteSourceControl",
      "location" : "https://github.com/hCaptcha/HCaptcha-ios-sdk",
      "state" : {
        "revision" : "f95bf7391735fcbc8be02615ee698adbbe09b24d",
        "version" : "2.13.0"
      }
    },
    {
      "identity" : "highlightr",
      "kind" : "remoteSourceControl",
      "location" : "https://github.com/raspu/Highlightr",
      "state" : {
        "revision" : "05e7fcc63b33925cd0c1faaa205cdd5681e7bbef",
        "version" : "2.3.0"
      }
    },
    {
      "identity" : "kingfisher",
      "kind" : "remoteSourceControl",
      "location" : "https://github.com/onevcat/Kingfisher",
      "state" : {
        "revision" : "ac632bd26a1c00f139ff62fd01806f21cf67325e",
        "version" : "8.10.0"
      }
    },
    {
      "identity" : "launchatlogin",
      "kind" : "remoteSourceControl",
      "location" : "https://github.com/TopScrech/LaunchAtLogin",
      "state" : {
        "revision" : "9f11ba55ee0b5aba74e47287fcb44aaa7cb316b6",
        "version" : "1.0.1"
      }
    },
    {
      "identity" : "mailcover",
      "kind" : "remoteSourceControl",
      "location" : "https://github.com/TopScrech/MailCover",
      "state" : {
        "revision" : "2099926cf1b8cf8f6532640d144ba9a8bb1d9f20",
        "version" : "1.1.1"
      }
    },
    {
      "identity" : "pow",
      "kind" : "remoteSourceControl",
      "location" : "https://github.com/EmergeTools/Pow",
      "state" : {
        "branch" : "main",
        "revision" : "1b4b1dda28c50b95f0872927ee2226fe8b58950e"
      }
    },
    {
      "identity" : "quicklooking",
      "kind" : "remoteSourceControl",
      "location" : "https://github.com/TopScrech/QuickLooking",
      "state" : {
        "revision" : "ca873f9a4edb3be00252cf7044154be6fdb932e8",
        "version" : "1.0.1"
      }
    },
    {
      "identity" : "rxswift",
      "kind" : "remoteSourceControl",
      "location" : "https://github.com/ReactiveX/RxSwift",
      "state" : {
        "revision" : "132aea4f236ccadc51590b38af0357a331d51fa2",
        "version" : "6.10.2"
      }
    },
    {
      "identity" : "safaricover",
      "kind" : "remoteSourceControl",
      "location" : "https://github.com/TopScrech/SafariCover",
      "state" : {
        "revision" : "8cd5c6b2c94d87dc03c5e990df2279eadbe44b2d",
        "version" : "1.3.1"
      }
    },
    {
      "identity" : "screchkit",
      "kind" : "remoteSourceControl",
      "location" : "https://github.com/TopScrech/ScrechKit",
      "state" : {
        "revision" : "40f089e897c48986d101a5630c1597241b40c6c5",
        "version" : "1.0.9"
      }
    },
    {
      "identity" : "swift-algorithms-fix",
      "kind" : "remoteSourceControl",
      "location" : "https://github.com/TopScrech/swift-algorithms-fix.git",
      "state" : {
        "branch" : "main",
        "revision" : "c35814db6a4ef88be1a4fed6c991ee50b6bf3344"
      }
    },
    {
      "identity" : "swift-argument-parser",
      "kind" : "remoteSourceControl",
      "location" : "https://github.com/apple/swift-argument-parser",
      "state" : {
        "revision" : "6a52f3251125d74daf04fcbd5e6f08a75d074382",
        "version" : "1.8.2"
      }
    },
    {
      "identity" : "swift-asn1",
      "kind" : "remoteSourceControl",
      "location" : "https://github.com/apple/swift-asn1.git",
      "state" : {
        "revision" : "a9a5efd40eaf558a2bcd48d64b1d1646be686008",
        "version" : "1.7.1"
      }
    },
    {
      "identity" : "swift-atomics",
      "kind" : "remoteSourceControl",
      "location" : "https://github.com/apple/swift-atomics.git",
      "state" : {
        "revision" : "b601256eab081c0f92f059e12818ac1d4f178ff7",
        "version" : "1.3.0"
      }
    },
    {
      "identity" : "swift-collections",
      "kind" : "remoteSourceControl",
      "location" : "https://github.com/apple/swift-collections.git",
      "state" : {
        "revision" : "a0cb0954ecb21e4e31b0070e6ed5674e8556685a",
        "version" : "1.6.0"
      }
    },
    {
      "identity" : "swift-crypto",
      "kind" : "remoteSourceControl",
      "location" : "https://github.com/apple/swift-crypto.git",
      "state" : {
        "revision" : "1b6b2e274e85105bfa155183145a1dcfd63331f1",
        "version" : "4.5.0"
      }
    },
    {
      "identity" : "swift-nio",
      "kind" : "remoteSourceControl",
      "location" : "https://github.com/apple/swift-nio.git",
      "state" : {
        "revision" : "77b84ac2cd2ac9e4ac67d19f045fd5b434f56967",
        "version" : "2.101.0"
      }
    },
    {
      "identity" : "swift-nio-ssh",
      "kind" : "remoteSourceControl",
      "location" : "https://github.com/apple/swift-nio-ssh",
      "state" : {
        "revision" : "1a915a324afefd4031e396e81a0e210178621be8",
        "version" : "0.13.0"
      }
    },
    {
      "identity" : "swift-numerics-fix",
      "kind" : "remoteSourceControl",
      "location" : "https://github.com/TopScrech/swift-numerics-fix.git",
      "state" : {
        "branch" : "main",
        "revision" : "c4d3fa0e8f03ca1696332ec52c438df600387afa"
      }
    },
    {
      "identity" : "swift-system",
      "kind" : "remoteSourceControl",
      "location" : "https://github.com/apple/swift-system.git",
      "state" : {
        "revision" : "7502b711c92a17741fa625d722b0ccbd595d8ed1",
        "version" : "1.7.2"
      }
    },
    {
      "identity" : "swiftterm",
      "kind" : "remoteSourceControl",
      "location" : "https://github.com/migueldeicaza/SwiftTerm",
      "state" : {
        "revision" : "8e7a1e154f470e19c709a00a8768df348ba5fc43",
        "version" : "1.13.0"
      }
    },
    {
      "identity" : "vortex",
      "kind" : "remoteSourceControl",
      "location" : "https://github.com/twostraws/Vortex",
      "state" : {
        "revision" : "9d9d9016ceace579455f01f8e0bd59facae7d252",
        "version" : "1.0.4"
      }
    }
  ],
  "version" : 3
}
